
Microsoft Visual Studio Solution File, Format Version 12.00
# Visual Studio Version 17
VisualStudioVersion = 17.11.35222.181
MinimumVisualStudioVersion = 10.0.40219.1
Project("{FAE04EC0-301F-11D3-BF4B-00C04F79EFBC}") = "DbFactoryNet", "DbFactoryNet\DbFactoryNet.csproj", "{EE39F90B-AD79-4F46-99D3-7D7DA9B4B286}"
EndProject
Global
	GlobalSection(SolutionConfigurationPlatforms) = preSolution
		Debug|Any CPU = Debug|Any CPU
		Release|Any CPU = Release|Any CPU
	EndGlobalSection
	GlobalSection(ProjectConfigurationPlatforms) = postSolution
		{EE39F90B-AD79-4F46-99D3-7D7DA9B4B286}.Debug|Any CPU.ActiveCfg = Debug|Any CPU
		{EE39F90B-AD79-4F46-99D3-7D7DA9B4B286}.Debug|Any CPU.Build.0 = Debug|Any CPU
		{EE39F90B-AD79-4F46-99D3-7D7DA9B4B286}.Release|Any CPU.ActiveCfg = Release|Any CPU
		{EE39F90B-AD79-4F46-99D3-7D7DA9B4B286}.Release|Any CPU.Build.0 = Release|Any CPU
	EndGlobalSection
	GlobalSection(SolutionProperties) = preSolution
		HideSolutionNode = FALSE
	EndGlobalSection
	GlobalSection(ExtensibilityGlobals) = postSolution
		SolutionGuid = {EEBC9E88-A449-40C5-AD36-74A0A0738443}
	EndGlobalSection
EndGlobal
